# This file is automatically @generated by Cargo.
# It is not intended for manual editing.
version = 4

[[package]]
name = "base64"
version = "0.22.1"
source = "registry+https://github.com/rust-lang/crates.io-index"
checksum = "72b3254f16251a8381aa12e40e3c4d2f0199f8c6508fbecb9d91f575e0fbb8c6"

[[package]]
name = "lzxd"
version = "0.2.7"

[[package]]
name = "lzxd"
version = "0.2.7"
source = "registry+https://github.com/rust-lang/crates.io-index"
checksum = "c17f346186eccb574ba5581acefc514f0c70a642db4f96e245034a0a158a7168"

[[package]]
name = "xbox-avatar-importer"
version = "0.1.0"
dependencies = [
 "base64",
 "lzxd 0.2.7",
 "lzxd 0.2.7 (registry+https://github.com/rust-lang/crates.io-index)",
]
